
Microsoft Visual Studio Solution File, Format Version 12.00
# Visual Studio Version 17
VisualStudioVersion = 17.0.31903.59
MinimumVisualStudioVersion = 10.0.40219.1
Project("{FAE04EC0-301F-11D3-BF4B-00C04F79EFBC}") = "psm_web_site_api_project", "psm_web_site_api_project\psm_web_site_api_project.csproj", "{E38EB237-5995-442A-A1E6-FD065EC5D345}"
EndProject
Project("{FAE04EC0-301F-11D3-BF4B-00C04F79EFBC}") = "psm_web_site_api_test", "psm_web_site_api_test\psm_web_site_api_test.csproj", "{790AE218-7596-473C-8F0B-66FCEE8CB1D3}"
EndProject
Global
	GlobalSection(SolutionConfigurationPlatforms) = preSolution
		Debug|Any CPU = Debug|Any CPU
		Release|Any CPU = Release|Any CPU
	EndGlobalSection
	GlobalSection(SolutionProperties) = preSolution
		HideSolutionNode = FALSE
	EndGlobalSection
	GlobalSection(ProjectConfigurationPlatforms) = postSolution
		{E38EB237-5995-442A-A1E6-FD065EC5D345}.Debug|Any CPU.ActiveCfg = Debug|Any CPU
		{E38EB237-5995-442A-A1E6-FD065EC5D345}.Debug|Any CPU.Build.0 = Debug|Any CPU
		{E38EB237-5995-442A-A1E6-FD065EC5D345}.Release|Any CPU.ActiveCfg = Release|Any CPU
		{E38EB237-5995-442A-A1E6-FD065EC5D345}.Release|Any CPU.Build.0 = Release|Any CPU
		{790AE218-7596-473C-8F0B-66FCEE8CB1D3}.Debug|Any CPU.ActiveCfg = Debug|Any CPU
		{790AE218-7596-473C-8F0B-66FCEE8CB1D3}.Debug|Any CPU.Build.0 = Debug|Any CPU
		{790AE218-7596-473C-8F0B-66FCEE8CB1D3}.Release|Any CPU.ActiveCfg = Release|Any CPU
		{790AE218-7596-473C-8F0B-66FCEE8CB1D3}.Release|Any CPU.Build.0 = Release|Any CPU
	EndGlobalSection
EndGlobal
